Microsoft Visual Studio Solution File, Format Version 12.00
# Visual Studio Version 17
VisualStudioVersion = 17.5.2.0
MinimumVisualStudioVersion = 10.0.40219.1
Project("{FAE04EC0-301F-11D3-BF4B-00C04F79EFBC}") = "ExercicioInterface", "ExercicioInterface.csproj", "{0D2DC215-F4EB-3564-213E-D45ED363E537}"
EndProject
Project("{FAE04EC0-301F-11D3-BF4B-00C04F79EFBC}") = "Exercicio01", "Exercicio01\Exercicio01.csproj", "{7ECEBBE9-40DB-7485-0774-CE9DAF421893}"
EndProject
Global
	GlobalSection(SolutionConfigurationPlatforms) = preSolution
		Debug|Any CPU = Debug|Any CPU
		Release|Any CPU = Release|Any CPU
	EndGlobalSection
	GlobalSection(ProjectConfigurationPlatforms) = postSolution
		{0D2DC215-F4EB-3564-213E-D45ED363E537}.Debug|Any CPU.ActiveCfg = Debug|Any CPU
		{0D2DC215-F4EB-3564-213E-D45ED363E537}.Debug|Any CPU.Build.0 = Debug|Any CPU
		{0D2DC215-F4EB-3564-213E-D45ED363E537}.Release|Any CPU.ActiveCfg = Release|Any CPU
		{0D2DC215-F4EB-3564-213E-D45ED363E537}.Release|Any CPU.Build.0 = Release|Any CPU
		{7ECEBBE9-40DB-7485-0774-CE9DAF421893}.Debug|Any CPU.ActiveCfg = Debug|Any CPU
		{7ECEBBE9-40DB-7485-0774-CE9DAF421893}.Debug|Any CPU.Build.0 = Debug|Any CPU
		{7ECEBBE9-40DB-7485-0774-CE9DAF421893}.Release|Any CPU.ActiveCfg = Release|Any CPU
		{7ECEBBE9-40DB-7485-0774-CE9DAF421893}.Release|Any CPU.Build.0 = Release|Any CPU
	EndGlobalSection
	GlobalSection(SolutionProperties) = preSolution
		HideSolutionNode = FALSE
	EndGlobalSection
	GlobalSection(ExtensibilityGlobals) = postSolution
		SolutionGuid = {F44CE042-EB92-4C0D-86D9-A01AF6C5A2A0}
	EndGlobalSection
EndGlobal
